<?xml version="1.0" encoding="utf-8"?>
<Project ToolsVersion="4.0" xmlns="http://schemas.microsoft.com/developer/msbuild/2003">
  <ItemGroup>
    <Filter Include="Source Files">
      <UniqueIdentifier>{4FC737F1-C7A5-4376-A066-2A32D752A2FF}</UniqueIdentifier>
      <Extensions>cpp;c;cc;cxx;def;odl;idl;hpj;bat;asm;asmx</Extensions>
    </Filter>
    <Filter Include="Header Files">
      <UniqueIdentifier>{93995380-89BD-4b04-88EB-625FBE52EBFB}</UniqueIdentifier>
      <Extensions>h;hh;hpp;hxx;hm;inl;inc;xsd</Extensions>
    </Filter>
    <Filter Include="Resource Files">
      <UniqueIdentifier>{67DA6AB6-F800-4c08-8B7A-83BB121AAD01}</UniqueIdentifier>
      <Extensions>rc;ico;cur;bmp;dlg;rc2;rct;bin;rgs;gif;jpg;jpeg;jpe;resx;tiff;tif;png;wav;mfcribbon-ms</Extensions>
    </Filter>
  </ItemGroup>
  <ItemGroup>
    <ClCompile Include="main.cpp">
      <Filter>Source Files</Filter>
    </ClCompile>
    <ClCompile Include="include\chemkinCpp\chemkincpp.cpp">
      <Filter>Source Files</Filter>
    </ClCompile>
    <ClCompile Include="include\cubicSpline\interp_1d.cpp">
      <Filter>Source Files</Filter>
    </ClCompile>
    <ClCompile Include="include\fileIO\commandLineConfigFileReader\clcf_parser.cpp">
      <Filter>Source Files</Filter>
    </ClCompile>
    <ClCompile Include="include\fileIO\CSVFileReader\CSVReader.cpp">
      <Filter>Source Files</Filter>
    </ClCompile>
    <ClCompile Include="include\fileIO\fileIO\fileIO.cpp">
      <Filter>Source Files</Filter>
    </ClCompile>
    <ClCompile Include="include\pathwayHandler\pathwayHandler.cpp">
      <Filter>Source Files</Filter>
    </ClCompile>
    <ClCompile Include="include\propagator\dlsodePropagator\dlsodePropagator.cpp">
      <Filter>Source Files</Filter>
    </ClCompile>
    <ClCompile Include="include\propagator\superPropagator\superPropagator.cpp">
      <Filter>Source Files</Filter>
    </ClCompile>
    <ClCompile Include="include\random\random.cpp">
      <Filter>Source Files</Filter>
    </ClCompile>
    <ClCompile Include="include\reactionNetwork\concreteReactionNetwork\concreteReactionNetwork.cpp">
      <Filter>Source Files</Filter>
    </ClCompile>
    <ClCompile Include="include\reactionNetwork\reactionNetworkODESolver\reactionNetworkODESolver.cpp">
      <Filter>Source Files</Filter>
    </ClCompile>
    <ClCompile Include="include\reactionNetwork\superReactionNetwork\superReactionNetwork.cpp">
      <Filter>Source Files</Filter>
    </ClCompile>
    <ClCompile Include="include\relationshipParser\relationshipParser.cpp">
      <Filter>Source Files</Filter>
    </ClCompile>
    <ClCompile Include="include\search_algorithm\eppstein_algorithm\eppstein_algorithm.cpp">
      <Filter>Source Files</Filter>
    </ClCompile>
    <ClCompile Include="include\srkin\srkin.cpp">
      <Filter>Source Files</Filter>
    </ClCompile>
    <ClCompile Include="include\statistics\statistics.cpp">
      <Filter>Source Files</Filter>
    </ClCompile>
    <ClCompile Include="include\statistics\statistics_get_conc.cpp">
      <Filter>Source Files</Filter>
    </ClCompile>
    <ClCompile Include="include\time\myclock.cpp">
      <Filter>Source Files</Filter>
    </ClCompile>
    <ClCompile Include="include\time\myclock_us.cpp">
      <Filter>Source Files</Filter>
    </ClCompile>
    <ClCompile Include="include\time\timing.cpp">
      <Filter>Source Files</Filter>
    </ClCompile>
    <ClCompile Include="include\tools\block_decomposition\block_decomposition.cpp">
      <Filter>Source Files</Filter>
    </ClCompile>
    <ClCompile Include="include\tools\map_reduce\map_reduce.cpp">
      <Filter>Source Files</Filter>
    </ClCompile>
    <ClCompile Include="include\tools\matrix\matrix_sr.cpp">
      <Filter>Source Files</Filter>
    </ClCompile>
    <ClCompile Include="include\drivers\drivers.cpp">
      <Filter>Source Files</Filter>
    </ClCompile>
    <ClCompile Include="include\tools\debug\debug.cpp">
      <Filter>Source Files</Filter>
    </ClCompile>
    <ClCompile Include="include\propagator\SOHRPropagator\SOHRPropagator.cpp">
      <Filter>Source Files</Filter>
    </ClCompile>
    <ClCompile Include="include\propagator\ssaPropagator\ssaPropagator.cpp">
      <Filter>Source Files</Filter>
    </ClCompile>
  </ItemGroup>
  <ItemGroup>
    <ClInclude Include="include\chemkinCpp\chemkincpp.h">
      <Filter>Header Files</Filter>
    </ClInclude>
    <ClInclude Include="include\cubicSpline\interp_1d.h">
      <Filter>Header Files</Filter>
    </ClInclude>
    <ClInclude Include="include\cubicSpline\nr3.h">
      <Filter>Header Files</Filter>
    </ClInclude>
    <ClInclude Include="include\fileIO\commandLineConfigFileReader\clcf_parser.h">
      <Filter>Header Files</Filter>
    </ClInclude>
    <ClInclude Include="include\fileIO\CSVFileReader\CSVReader.h">
      <Filter>Header Files</Filter>
    </ClInclude>
    <ClInclude Include="include\fileIO\fileIO\fileIO.h">
      <Filter>Header Files</Filter>
    </ClInclude>
    <ClInclude Include="include\pathwayHandler\pathwayHandler.h">
      <Filter>Header Files</Filter>
    </ClInclude>
    <ClInclude Include="include\propagator\dlsodePropagator\dlsodePropagator.h">
      <Filter>Header Files</Filter>
    </ClInclude>
    <ClInclude Include="include\propagator\superPropagator\superPropagator.h">
      <Filter>Header Files</Filter>
    </ClInclude>
    <ClInclude Include="include\random\random.h">
      <Filter>Header Files</Filter>
    </ClInclude>
    <ClInclude Include="include\reactionNetwork\concreteReactionNetwork\concreteReactionNetwork.h">
      <Filter>Header Files</Filter>
    </ClInclude>
    <ClInclude Include="include\reactionNetwork\reactionNetworkODESolver\reactionNetworkODESolver.h">
      <Filter>Header Files</Filter>
    </ClInclude>
    <ClInclude Include="include\reactionNetwork\superReactionNetwork\superReactionNetwork.h">
      <Filter>Header Files</Filter>
    </ClInclude>
    <ClInclude Include="include\relationshipParser\relationshipParser.h">
      <Filter>Header Files</Filter>
    </ClInclude>
    <ClInclude Include="include\search_algorithm\eppstein_algorithm\eppstein_algorithm.h">
      <Filter>Header Files</Filter>
    </ClInclude>
    <ClInclude Include="include\srkin\srkin.h">
      <Filter>Header Files</Filter>
    </ClInclude>
    <ClInclude Include="include\statistics\statistics.h">
      <Filter>Header Files</Filter>
    </ClInclude>
    <ClInclude Include="include\statistics\statistics_get_conc.h">
      <Filter>Header Files</Filter>
    </ClInclude>
    <ClInclude Include="include\time\myclock.h">
      <Filter>Header Files</Filter>
    </ClInclude>
    <ClInclude Include="include\time\myclock_us.h">
      <Filter>Header Files</Filter>
    </ClInclude>
    <ClInclude Include="include\time\timing.h">
      <Filter>Header Files</Filter>
    </ClInclude>
    <ClInclude Include="include\tools\block_decomposition\block_decomposition.h">
      <Filter>Header Files</Filter>
    </ClInclude>
    <ClInclude Include="include\tools\map_reduce\map_reduce.h">
      <Filter>Header Files</Filter>
    </ClInclude>
    <ClInclude Include="include\tools\misc\fortran_routine_block_alias.h">
      <Filter>Header Files</Filter>
    </ClInclude>
    <ClInclude Include="include\tools\misc\global_extern_vars.h">
      <Filter>Header Files</Filter>
    </ClInclude>
    <ClInclude Include="include\tools\misc\graph_bundled.h">
      <Filter>Header Files</Filter>
    </ClInclude>
    <ClInclude Include="include\tools\misc\misc_template.h">
      <Filter>Header Files</Filter>
    </ClInclude>
    <ClInclude Include="include\tools\misc\tree_bundled.h">
      <Filter>Header Files</Filter>
    </ClInclude>
    <ClInclude Include="include\tools\matrix\matrix_sr.h">
      <Filter>Header Files</Filter>
    </ClInclude>
    <ClInclude Include="include\drivers\drivers.h">
      <Filter>Header Files</Filter>
    </ClInclude>
    <ClInclude Include="include\tools\debug\debug.h">
      <Filter>Header Files</Filter>
    </ClInclude>
    <ClInclude Include="include\propagator\SOHRPropagator\SOHRPropagator.h">
      <Filter>Header Files</Filter>
    </ClInclude>
    <ClInclude Include="include\propagator\ssaPropagator\ssaPropagator.h">
      <Filter>Header Files</Filter>
    </ClInclude>
  </ItemGroup>
  <ItemGroup>
    <None Include="input\chem.bin">
      <Filter>Resource Files</Filter>
    </None>
    <None Include="input_Dijkstra_algorithm\chem.bin">
      <Filter>Resource Files</Filter>
    </None>
    <None Include="input_Dimerization\chem.bin">
      <Filter>Resource Files</Filter>
    </None>
    <None Include="input_Dimerization_v2\chem.bin">
      <Filter>Resource Files</Filter>
    </None>
    <None Include="input_Eppstein_algorithm\chem.bin">
      <Filter>Resource Files</Filter>
    </None>
    <None Include="input_H2_O2_v1\chem.bin">
      <Filter>Resource Files</Filter>
    </None>
    <None Include="input_H2_O2_v1\chem_Dicp507.bin">
      <Filter>Resource Files</Filter>
    </None>
    <None Include="input_HBr\chem.bin">
      <Filter>Resource Files</Filter>
    </None>
    <None Include="input_HBr_v2\chem.bin">
      <Filter>Resource Files</Filter>
    </None>
    <None Include="input_HBrO\chem.bin">
      <Filter>Resource Files</Filter>
    </None>
    <None Include="input_LV_v3\chem.bin">
      <Filter>Resource Files</Filter>
    </None>
    <None Include="input_LV_v4\chem.bin">
      <Filter>Resource Files</Filter>
    </None>
    <None Include="input_LV_v5\chem.bin">
      <Filter>Resource Files</Filter>
    </None>
    <None Include="input_LV_v7\chem.bin">
      <Filter>Resource Files</Filter>
    </None>
  </ItemGroup>
</Project>